dependencies:
  which: 2.0.2
devDependencies:
  '@types/node': 14.14.27
  esbuild: 0.8.46
  typescript: 4.2.0-beta
lockfileVersion: 5.2
packages:
  /@types/node/14.14.27:
    dev: true
    resolution:
      integrity: sha512-Ecfmo4YDQPwuqTCl1yBxLV5ihKfRlkBmzUEDcfIRvDxOTGQEeikr317Ln7Gcv0tjA8dVgKI3rniqW2G1OyKDng==
  /esbuild/0.8.46:
    dev: true
    hasBin: true
    requiresBuild: true
    resolution:
      integrity: sha512-xck9sXNCNmjDHCCfxTCyhKTiFuEBweh+IDAhMLOJI990v1Fzii6MyIkT1LbkvjgoVgPX2SK1kpi5eZVGNrl8yg==
  /isexe/2.0.0:
    dev: false
    resolution:
      integrity: sha1-6PvzdNxVb/iUehDcsFctYz8s+hA=
  /typescript/4.2.0-beta:
    dev: true
    engines:
      node: '>=4.2.0'
    hasBin: true
    resolution:
      integrity: sha512-0nYjpkQ6bKjHoJTQkUHcDtGLNenqc5rfTcl3ISUnJXPkGa0115FcVJABmodfMKHLyDBmzDr8IGLbDv5m7sbYgw==
  /which/2.0.2:
    dependencies:
      isexe: 2.0.0
    dev: false
    engines:
      node: '>= 8'
    hasBin: true
    resolution:
      integrity: sha512-BLI3Tl1TW3Pvl70l3yq3Y64i+awpwXqsGBYWkkqMtnbXgrMD+yj7rhW0kuEDxzJaYXGjEW5ogapKNMEKNMjibA==
specifiers:
  '@types/node': ^14.14.27
  esbuild: ^0.8.46
  typescript: ^4.2.0-beta
  which: ^2.0.2
